// !$*UTF8*$!
{
	archiveVersion = 1;
	classes = {
	};
	objectVersion = 77;
	objects = {

/* Begin PBXBuildFile section */
		03DFBA6E8565D8DA5752F27A /* AdapterRegistry.swift in Sources */ = {isa = PBXBuildFile; fileRef = C535EAF837D94137217D69C1 /* AdapterRegistry.swift */; };
		093B1209E89A07CAEDA91E45 /* DebugDumpView.swift in Sources */ = {isa = PBXBuildFile; fileRef = FB47A01B18DFD126CFC793AC /* DebugDumpView.swift */; };
		0D6D0B2BFF7330504E7BDD23 /* FileWorkspaceListCache.swift in Sources */ = {isa = PBXBuildFile; fileRef = 6D54D6FB081CF27AF684D780 /* FileWorkspaceListCache.swift */; };
		0ED3C0F4A645C36E3ADF052E /* SessionStatusView.swift in Sources */ = {isa = PBXBuildFile; fileRef = F06184B59E66F4F6EA9C3B64 /* SessionStatusView.swift */; };
		15A86FDEF0682B968A6577F3 /* AuthConfiguration.swift in Sources */ = {isa = PBXBuildFile; fileRef = 3EBB23410BF69FFAD4754BCF /* AuthConfiguration.swift */; };
		21D6110DFD881AE4455AA3D5 /* PlaceholderPaneView.swift in Sources */ = {isa = PBXBuildFile; fileRef = 7AB6AF6E7DC086463573FA31 /* PlaceholderPaneView.swift */; };
		2492DD4BCA904F2217426005 /* WorkspaceWindowView.swift in Sources */ = {isa = PBXBuildFile; fileRef = 4C1A100609EC30AD426B9E98 /* WorkspaceWindowView.swift */; };
		314387A8B8FB6C1F6CB1352B /* WorkspaceListSnapshot.swift in Sources */ = {isa = PBXBuildFile; fileRef = FB2273016C45A53B43C22679 /* WorkspaceListSnapshot.swift */; };
		518D0A4734F6A0619353EE77 /* AuthAPIClient.swift in Sources */ = {isa = PBXBuildFile; fileRef = 5EED7FB9FF22843A554207FA /* AuthAPIClient.swift */; };
		5537B78F011F29017AFC0888 /* WorkspaceStore.swift in Sources */ = {isa = PBXBuildFile; fileRef = E8A45041D84D7175E6E07224 /* WorkspaceStore.swift */; };
		57C72921400D9FFEE6A4C533 /* WorkspaceSwitcherView.swift in Sources */ = {isa = PBXBuildFile; fileRef = 4D447CDC7DF35EDC23E88BC9 /* WorkspaceSwitcherView.swift */; };
		723FFB2208D3FE9EEA8FD4A2 /* SignInView.swift in Sources */ = {isa = PBXBuildFile; fileRef = 92DB07131AB224ABB387A03E /* SignInView.swift */; };
		774C55011298370736F154C1 /* NativeWorkspaceAdapter.swift in Sources */ = {isa = PBXBuildFile; fileRef = DB4728D29F2601E977824C02 /* NativeWorkspaceAdapter.swift */; };
		7DF5684B45A4332F4AE85E49 /* WorkspaceListView.swift in Sources */ = {isa = PBXBuildFile; fileRef = AC176F69E2E01481F9EACFA5 /* WorkspaceListView.swift */; };
		7FA3E995B478E1C9EFAF5461 /* DebugListAdapter.swift in Sources */ = {isa = PBXBuildFile; fileRef = 4FC567F160659F98C450BF75 /* DebugListAdapter.swift */; };
		804DA999D250E633859F9B71 /* AuthHandoff.swift in Sources */ = {isa = PBXBuildFile; fileRef = 29CE8CA664D6E1EB4998B113 /* AuthHandoff.swift */; };
		8235B7201A86FBFA09F8DABB /* Project.swift in Sources */ = {isa = PBXBuildFile; fileRef = 9D3C48D92A24056C34E69447 /* Project.swift */; };
		8600E73F4CAC28122BDFFA8D /* AuthGateView.swift in Sources */ = {isa = PBXBuildFile; fileRef = 38AB15580946313EA26FC000 /* AuthGateView.swift */; };
		8C3E9B4FC201957E4E2B93D6 /* Workspace.swift in Sources */ = {isa = PBXBuildFile; fileRef = 951C8B061117E946C12C674B /* Workspace.swift */; };
		8D2AD532F7C04553E750A2BA /* WorkspaceAdapter.swift in Sources */ = {isa = PBXBuildFile; fileRef = B12FAB62826CA6420E3FC1BF /* WorkspaceAdapter.swift */; };
		8D53CDE375B2AF87C04BF4FC /* SupersetApp.swift in Sources */ = {isa = PBXBuildFile; fileRef = A34473633D6974E4EDDF25D7 /* SupersetApp.swift */; };
		8E18E653B5615FA8B6F89ED1 /* PendingStateStore.swift in Sources */ = {isa = PBXBuildFile; fileRef = E09F26E5C4DD588C2E00894D /* PendingStateStore.swift */; };
		90EA0BA2EB3790BD092511AE /* WebAuthenticating.swift in Sources */ = {isa = PBXBuildFile; fileRef = 20D2F3DAE171CCC12EC7866B /* WebAuthenticating.swift */; };
		9743B1C58095655CFC9A7881 /* PaneKind.swift in Sources */ = {isa = PBXBuildFile; fileRef = 66E12DC999DAD3D512CB63A0 /* PaneKind.swift */; };
		A97A651F9FE82B71D4207033 /* AuthController.swift in Sources */ = {isa = PBXBuildFile; fileRef = 3DDC57904E84BCB8C49B06BC /* AuthController.swift */; };
		B30472F1601539A167959744 /* WorkspaceStatus+Presentation.swift in Sources */ = {isa = PBXBuildFile; fileRef = 5A8A7A18E62DCF32AB8E573D /* WorkspaceStatus+Presentation.swift */; };
		B41E3A8CF9DC2C1FB773DBF6 /* RootView.swift in Sources */ = {isa = PBXBuildFile; fileRef = 9F36DC5B2A7314017753C666 /* RootView.swift */; };
		B456543A3F6DDDF3D9FF3F2F /* AuthError.swift in Sources */ = {isa = PBXBuildFile; fileRef = F0F959F6CC86D853AE500BE5 /* AuthError.swift */; };
		BE87A8E9315B404F3D41F9D0 /* WorkspaceStatus.swift in Sources */ = {isa = PBXBuildFile; fileRef = B2AC4C08EE6FBF693D8817C1 /* WorkspaceStatus.swift */; };
		CBFCC03B6B2DA044692A80BE /* AuthToken.swift in Sources */ = {isa = PBXBuildFile; fileRef = 1F0955CFCBD44D5379F9687F /* AuthToken.swift */; };
		F777437C5416A319F088E9C0 /* TokenStore.swift in Sources */ = {isa = PBXBuildFile; fileRef = 7B1A33BCCB729966E3BE20D4 /* TokenStore.swift */; };
		F7FBFFCDCA057CB2DFE6A1B6 /* CloudWorkspaceClient.swift in Sources */ = {isa = PBXBuildFile; fileRef = C36912B74D7D1879F31FFCB5 /* CloudWorkspaceClient.swift */; };
/* End PBXBuildFile section */

/* Begin PBXFileReference section */
		1F0955CFCBD44D5379F9687F /* AuthToken.swift */ = {isa = PBXFileReference; lastKnownFileType = sourcecode.swift; path = AuthToken.swift; sourceTree = "<group>"; };
		20D2F3DAE171CCC12EC7866B /* WebAuthenticating.swift */ = {isa = PBXFileReference; lastKnownFileType = sourcecode.swift; path = WebAuthenticating.swift; sourceTree = "<group>"; };
		29CE8CA664D6E1EB4998B113 /* AuthHandoff.swift */ = {isa = PBXFileReference; lastKnownFileType = sourcecode.swift; path = AuthHandoff.swift; sourceTree = "<group>"; };
		38AB15580946313EA26FC000 /* AuthGateView.swift */ = {isa = PBXFileReference; lastKnownFileType = sourcecode.swift; path = AuthGateView.swift; sourceTree = "<group>"; };
		3DDC57904E84BCB8C49B06BC /* AuthController.swift */ = {isa = PBXFileReference; lastKnownFileType = sourcecode.swift; path = AuthController.swift; sourceTree = "<group>"; };
		3EBB23410BF69FFAD4754BCF /* AuthConfiguration.swift */ = {isa = PBXFileReference; lastKnownFileType = sourcecode.swift; path = AuthConfiguration.swift; sourceTree = "<group>"; };
		4C1A100609EC30AD426B9E98 /* WorkspaceWindowView.swift */ = {isa = PBXFileReference; lastKnownFileType = sourcecode.swift; path = WorkspaceWindowView.swift; sourceTree = "<group>"; };
		4D447CDC7DF35EDC23E88BC9 /* WorkspaceSwitcherView.swift */ = {isa = PBXFileReference; lastKnownFileType = sourcecode.swift; path = WorkspaceSwitcherView.swift; sourceTree = "<group>"; };
		4FC567F160659F98C450BF75 /* DebugListAdapter.swift */ = {isa = PBXFileReference; lastKnownFileType = sourcecode.swift; path = DebugListAdapter.swift; sourceTree = "<group>"; };
		5A8A7A18E62DCF32AB8E573D /* WorkspaceStatus+Presentation.swift */ = {isa = PBXFileReference; lastKnownFileType = sourcecode.swift; path = "WorkspaceStatus+Presentation.swift"; sourceTree = "<group>"; };
		5EED7FB9FF22843A554207FA /* AuthAPIClient.swift */ = {isa = PBXFileReference; lastKnownFileType = sourcecode.swift; path = AuthAPIClient.swift; sourceTree = "<group>"; };
		66E12DC999DAD3D512CB63A0 /* PaneKind.swift */ = {isa = PBXFileReference; lastKnownFileType = sourcecode.swift; path = PaneKind.swift; sourceTree = "<group>"; };
		6D54D6FB081CF27AF684D780 /* FileWorkspaceListCache.swift */ = {isa = PBXFileReference; lastKnownFileType = sourcecode.swift; path = FileWorkspaceListCache.swift; sourceTree = "<group>"; };
		7AB6AF6E7DC086463573FA31 /* PlaceholderPaneView.swift */ = {isa = PBXFileReference; lastKnownFileType = sourcecode.swift; path = PlaceholderPaneView.swift; sourceTree = "<group>"; };
		7B1A33BCCB729966E3BE20D4 /* TokenStore.swift */ = {isa = PBXFileReference; lastKnownFileType = sourcecode.swift; path = TokenStore.swift; sourceTree = "<group>"; };
		92DB07131AB224ABB387A03E /* SignInView.swift */ = {isa = PBXFileReference; lastKnownFileType = sourcecode.swift; path = SignInView.swift; sourceTree = "<group>"; };
		951C8B061117E946C12C674B /* Workspace.swift */ = {isa = PBXFileReference; lastKnownFileType = sourcecode.swift; path = Workspace.swift; sourceTree = "<group>"; };
		9D3C48D92A24056C34E69447 /* Project.swift */ = {isa = PBXFileReference; lastKnownFileType = sourcecode.swift; path = Project.swift; sourceTree = "<group>"; };
		9F36DC5B2A7314017753C666 /* RootView.swift */ = {isa = PBXFileReference; lastKnownFileType = sourcecode.swift; path = RootView.swift; sourceTree = "<group>"; };
		A34473633D6974E4EDDF25D7 /* SupersetApp.swift */ = {isa = PBXFileReference; lastKnownFileType = sourcecode.swift; path = SupersetApp.swift; sourceTree = "<group>"; };
		A7EC74FA3E1D90B3BD0C7CAD /* Superset.app */ = {isa = PBXFileReference; includeInIndex = 0; lastKnownFileType = wrapper.application; path = Superset.app; sourceTree = BUILT_PRODUCTS_DIR; };
		AC176F69E2E01481F9EACFA5 /* WorkspaceListView.swift */ = {isa = PBXFileReference; lastKnownFileType = sourcecode.swift; path = WorkspaceListView.swift; sourceTree = "<group>"; };
		B12FAB62826CA6420E3FC1BF /* WorkspaceAdapter.swift */ = {isa = PBXFileReference; lastKnownFileType = sourcecode.swift; path = WorkspaceAdapter.swift; sourceTree = "<group>"; };
		B2AC4C08EE6FBF693D8817C1 /* WorkspaceStatus.swift */ = {isa = PBXFileReference; lastKnownFileType = sourcecode.swift; path = WorkspaceStatus.swift; sourceTree = "<group>"; };
		C36912B74D7D1879F31FFCB5 /* CloudWorkspaceClient.swift */ = {isa = PBXFileReference; lastKnownFileType = sourcecode.swift; path = CloudWorkspaceClient.swift; sourceTree = "<group>"; };
		C535EAF837D94137217D69C1 /* AdapterRegistry.swift */ = {isa = PBXFileReference; lastKnownFileType = sourcecode.swift; path = AdapterRegistry.swift; sourceTree = "<group>"; };
		DB4728D29F2601E977824C02 /* NativeWorkspaceAdapter.swift */ = {isa = PBXFileReference; lastKnownFileType = sourcecode.swift; path = NativeWorkspaceAdapter.swift; sourceTree = "<group>"; };
		E09F26E5C4DD588C2E00894D /* PendingStateStore.swift */ = {isa = PBXFileReference; lastKnownFileType = sourcecode.swift; path = PendingStateStore.swift; sourceTree = "<group>"; };
		E8A45041D84D7175E6E07224 /* WorkspaceStore.swift */ = {isa = PBXFileReference; lastKnownFileType = sourcecode.swift; path = WorkspaceStore.swift; sourceTree = "<group>"; };
		F06184B59E66F4F6EA9C3B64 /* SessionStatusView.swift */ = {isa = PBXFileReference; lastKnownFileType = sourcecode.swift; path = SessionStatusView.swift; sourceTree = "<group>"; };
		F0F959F6CC86D853AE500BE5 /* AuthError.swift */ = {isa = PBXFileReference; lastKnownFileType = sourcecode.swift; path = AuthError.swift; sourceTree = "<group>"; };
		FB2273016C45A53B43C22679 /* WorkspaceListSnapshot.swift */ = {isa = PBXFileReference; lastKnownFileType = sourcecode.swift; path = WorkspaceListSnapshot.swift; sourceTree = "<group>"; };
		FB47A01B18DFD126CFC793AC /* DebugDumpView.swift */ = {isa = PBXFileReference; lastKnownFileType = sourcecode.swift; path = DebugDumpView.swift; sourceTree = "<group>"; };
/* End PBXFileReference section */

/* Begin PBXGroup section */
		2E25C6316507DE62FDD3BBFD /* Domain */ = {
			isa = PBXGroup;
			children = (
				6D54D6FB081CF27AF684D780 /* FileWorkspaceListCache.swift */,
				9D3C48D92A24056C34E69447 /* Project.swift */,
				951C8B061117E946C12C674B /* Workspace.swift */,
				FB2273016C45A53B43C22679 /* WorkspaceListSnapshot.swift */,
				B2AC4C08EE6FBF693D8817C1 /* WorkspaceStatus.swift */,
				E8A45041D84D7175E6E07224 /* WorkspaceStore.swift */,
			);
			path = Domain;
			sourceTree = "<group>";
		};
		38134F1BF13006725476B2C0 /* Adapters */ = {
			isa = PBXGroup;
			children = (
				4FC567F160659F98C450BF75 /* DebugListAdapter.swift */,
				DB4728D29F2601E977824C02 /* NativeWorkspaceAdapter.swift */,
			);
			path = Adapters;
			sourceTree = "<group>";
		};
		50BF9B3E16D929C1B06B6FAE /* Cloud */ = {
			isa = PBXGroup;
			children = (
				C36912B74D7D1879F31FFCB5 /* CloudWorkspaceClient.swift */,
			);
			path = Cloud;
			sourceTree = "<group>";
		};
		5217E3080141B8706C31A2A1 /* Renderer */ = {
			isa = PBXGroup;
			children = (
				C535EAF837D94137217D69C1 /* AdapterRegistry.swift */,
				66E12DC999DAD3D512CB63A0 /* PaneKind.swift */,
				B12FAB62826CA6420E3FC1BF /* WorkspaceAdapter.swift */,
				38134F1BF13006725476B2C0 /* Adapters */,
			);
			path = Renderer;
			sourceTree = "<group>";
		};
		8C6FC9699F7306719CEDE602 /* Auth */ = {
			isa = PBXGroup;
			children = (
				5EED7FB9FF22843A554207FA /* AuthAPIClient.swift */,
				3EBB23410BF69FFAD4754BCF /* AuthConfiguration.swift */,
				3DDC57904E84BCB8C49B06BC /* AuthController.swift */,
				F0F959F6CC86D853AE500BE5 /* AuthError.swift */,
				29CE8CA664D6E1EB4998B113 /* AuthHandoff.swift */,
				1F0955CFCBD44D5379F9687F /* AuthToken.swift */,
				E09F26E5C4DD588C2E00894D /* PendingStateStore.swift */,
				7B1A33BCCB729966E3BE20D4 /* TokenStore.swift */,
				20D2F3DAE171CCC12EC7866B /* WebAuthenticating.swift */,
			);
			path = Auth;
			sourceTree = "<group>";
		};
		9C20B8EEA8FE80F0403919FE /* Sources */ = {
			isa = PBXGroup;
			children = (
				A34473633D6974E4EDDF25D7 /* SupersetApp.swift */,
				8C6FC9699F7306719CEDE602 /* Auth */,
				50BF9B3E16D929C1B06B6FAE /* Cloud */,
				2E25C6316507DE62FDD3BBFD /* Domain */,
				5217E3080141B8706C31A2A1 /* Renderer */,
				B55B99E04A5AB3A18722103B /* UI */,
			);
			path = Sources;
			sourceTree = "<group>";
		};
		AC24651113BCD4BCB2A66130 /* Products */ = {
			isa = PBXGroup;
			children = (
				A7EC74FA3E1D90B3BD0C7CAD /* Superset.app */,
			);
			name = Products;
			sourceTree = "<group>";
		};
		B0623653AD41013004E74968 = {
			isa = PBXGroup;
			children = (
				9C20B8EEA8FE80F0403919FE /* Sources */,
				AC24651113BCD4BCB2A66130 /* Products */,
			);
			sourceTree = "<group>";
		};
		B55B99E04A5AB3A18722103B /* UI */ = {
			isa = PBXGroup;
			children = (
				38AB15580946313EA26FC000 /* AuthGateView.swift */,
				FB47A01B18DFD126CFC793AC /* DebugDumpView.swift */,
				7AB6AF6E7DC086463573FA31 /* PlaceholderPaneView.swift */,
				9F36DC5B2A7314017753C666 /* RootView.swift */,
				F06184B59E66F4F6EA9C3B64 /* SessionStatusView.swift */,
				92DB07131AB224ABB387A03E /* SignInView.swift */,
				AC176F69E2E01481F9EACFA5 /* WorkspaceListView.swift */,
				5A8A7A18E62DCF32AB8E573D /* WorkspaceStatus+Presentation.swift */,
				4D447CDC7DF35EDC23E88BC9 /* WorkspaceSwitcherView.swift */,
				4C1A100609EC30AD426B9E98 /* WorkspaceWindowView.swift */,
			);
			path = UI;
			sourceTree = "<group>";
		};
/* End PBXGroup section */

/* Begin PBXNativeTarget section */
		9A81E7F139DC661E9C0CC326 /* Superset */ = {
			isa = PBXNativeTarget;
			buildConfigurationList = B6DD5F4FA6456656EE888E80 /* Build configuration list for PBXNativeTarget "Superset" */;
			buildPhases = (
				66FECE6866AD7ADEFA063280 /* Sources */,
			);
			buildRules = (
			);
			dependencies = (
			);
			name = Superset;
			packageProductDependencies = (
			);
			productName = Superset;
			productReference = A7EC74FA3E1D90B3BD0C7CAD /* Superset.app */;
			productType = "com.apple.product-type.application";
		};
/* End PBXNativeTarget section */

/* Begin PBXProject section */
		E10E0D0C6F0C1782993BD658 /* Project object */ = {
			isa = PBXProject;
			attributes = {
				BuildIndependentTargetsInParallel = YES;
				LastUpgradeCheck = 2640;
				TargetAttributes = {
					9A81E7F139DC661E9C0CC326 = {
						DevelopmentTeam = "";
						ProvisioningStyle = Automatic;
					};
				};
			};
			buildConfigurationList = 0DA962D7BA2C7066C9593AFC /* Build configuration list for PBXProject "Superset" */;
			compatibilityVersion = "Xcode 14.0";
			developmentRegion = en;
			hasScannedForEncodings = 0;
			knownRegions = (
				Base,
				en,
			);
			mainGroup = B0623653AD41013004E74968;
			minimizedProjectReferenceProxies = 1;
			preferredProjectObjectVersion = 77;
			projectDirPath = "";
			projectRoot = "";
			targets = (
				9A81E7F139DC661E9C0CC326 /* Superset */,
			);
		};
/* End PBXProject section */

/* Begin PBXSourcesBuildPhase section */
		66FECE6866AD7ADEFA063280 /* Sources */ = {
			isa = PBXSourcesBuildPhase;
			buildActionMask = 2147483647;
			files = (
				03DFBA6E8565D8DA5752F27A /* AdapterRegistry.swift in Sources */,
				518D0A4734F6A0619353EE77 /* AuthAPIClient.swift in Sources */,
				15A86FDEF0682B968A6577F3 /* AuthConfiguration.swift in Sources */,
				A97A651F9FE82B71D4207033 /* AuthController.swift in Sources */,
				B456543A3F6DDDF3D9FF3F2F /* AuthError.swift in Sources */,
				8600E73F4CAC28122BDFFA8D /* AuthGateView.swift in Sources */,
				804DA999D250E633859F9B71 /* AuthHandoff.swift in Sources */,
				CBFCC03B6B2DA044692A80BE /* AuthToken.swift in Sources */,
				F7FBFFCDCA057CB2DFE6A1B6 /* CloudWorkspaceClient.swift in Sources */,
				093B1209E89A07CAEDA91E45 /* DebugDumpView.swift in Sources */,
				7FA3E995B478E1C9EFAF5461 /* DebugListAdapter.swift in Sources */,
				0D6D0B2BFF7330504E7BDD23 /* FileWorkspaceListCache.swift in Sources */,
				774C55011298370736F154C1 /* NativeWorkspaceAdapter.swift in Sources */,
				9743B1C58095655CFC9A7881 /* PaneKind.swift in Sources */,
				8E18E653B5615FA8B6F89ED1 /* PendingStateStore.swift in Sources */,
				21D6110DFD881AE4455AA3D5 /* PlaceholderPaneView.swift in Sources */,
				8235B7201A86FBFA09F8DABB /* Project.swift in Sources */,
				B41E3A8CF9DC2C1FB773DBF6 /* RootView.swift in Sources */,
				0ED3C0F4A645C36E3ADF052E /* SessionStatusView.swift in Sources */,
				723FFB2208D3FE9EEA8FD4A2 /* SignInView.swift in Sources */,
				8D53CDE375B2AF87C04BF4FC /* SupersetApp.swift in Sources */,
				F777437C5416A319F088E9C0 /* TokenStore.swift in Sources */,
				90EA0BA2EB3790BD092511AE /* WebAuthenticating.swift in Sources */,
				8C3E9B4FC201957E4E2B93D6 /* Workspace.swift in Sources */,
				8D2AD532F7C04553E750A2BA /* WorkspaceAdapter.swift in Sources */,
				314387A8B8FB6C1F6CB1352B /* WorkspaceListSnapshot.swift in Sources */,
				7DF5684B45A4332F4AE85E49 /* WorkspaceListView.swift in Sources */,
				B30472F1601539A167959744 /* WorkspaceStatus+Presentation.swift in Sources */,
				BE87A8E9315B404F3D41F9D0 /* WorkspaceStatus.swift in Sources */,
				5537B78F011F29017AFC0888 /* WorkspaceStore.swift in Sources */,
				57C72921400D9FFEE6A4C533 /* WorkspaceSwitcherView.swift in Sources */,
				2492DD4BCA904F2217426005 /* WorkspaceWindowView.swift in Sources */,
			);
			runOnlyForDeploymentPostprocessing = 0;
		};
/* End PBXSourcesBuildPhase section */

/* Begin XCBuildConfiguration section */
		60B70455F66F11958CA3A654 /* Release */ = {
			isa = XCBuildConfiguration;
			buildSettings = {
				ASSETCATALOG_COMPILER_APPICON_NAME = AppIcon;
				"CODE_SIGNING_ALLOWED[sdk=xrsimulator*]" = NO;
				"CODE_SIGNING_REQUIRED[sdk=xrsimulator*]" = NO;
				CODE_SIGN_STYLE = Automatic;
				DEVELOPMENT_TEAM = "";
				GENERATE_INFOPLIST_FILE = YES;
				INFOPLIST_FILE = Info.plist;
				INFOPLIST_KEY_CFBundleDisplayName = Superset;
				LD_RUNPATH_SEARCH_PATHS = (
					"$(inherited)",
					"@executable_path/Frameworks",
				);
				PRODUCT_BUNDLE_IDENTIFIER = sh.superset.visionos;
				SDKROOT = xros;
				TARGETED_DEVICE_FAMILY = 7;
			};
			name = Release;
		};
		A388F55D4DD498FC27C5E946 /* Release */ = {
			isa = XCBuildConfiguration;
			buildSettings = {
				ALWAYS_SEARCH_USER_PATHS = NO;
				CLANG_ANALYZER_NONNULL = YES;
				CLANG_ANALYZER_NUMBER_OBJECT_CONVERSION = YES_AGGRESSIVE;
				CLANG_CXX_LANGUAGE_STANDARD = "gnu++14";
				CLANG_CXX_LIBRARY = "libc++";
				CLANG_ENABLE_MODULES = YES;
				CLANG_ENABLE_OBJC_ARC = YES;
				CLANG_ENABLE_OBJC_WEAK = YES;
				CLANG_WARN_BLOCK_CAPTURE_AUTORELEASING = YES;
				CLANG_WARN_BOOL_CONVERSION = YES;
				CLANG_WARN_COMMA = YES;
				CLANG_WARN_CONSTANT_CONVERSION = YES;
				CLANG_WARN_DEPRECATED_OBJC_IMPLEMENTATIONS = YES;
				CLANG_WARN_DIRECT_OBJC_ISA_USAGE = YES_ERROR;
				CLANG_WARN_DOCUMENTATION_COMMENTS = YES;
				CLANG_WARN_EMPTY_BODY = YES;
				CLANG_WARN_ENUM_CONVERSION = YES;
				CLANG_WARN_INFINITE_RECURSION = YES;
				CLANG_WARN_INT_CONVERSION = YES;
				CLANG_WARN_NON_LITERAL_NULL_CONVERSION = YES;
				CLANG_WARN_OBJC_IMPLICIT_RETAIN_SELF = YES;
				CLANG_WARN_OBJC_LITERAL_CONVERSION = YES;
				CLANG_WARN_OBJC_ROOT_CLASS = YES_ERROR;
				CLANG_WARN_QUOTED_INCLUDE_IN_FRAMEWORK_HEADER = YES;
				CLANG_WARN_RANGE_LOOP_ANALYSIS = YES;
				CLANG_WARN_STRICT_PROTOTYPES = YES;
				CLANG_WARN_SUSPICIOUS_MOVE = YES;
				CLANG_WARN_UNGUARDED_AVAILABILITY = YES_AGGRESSIVE;
				CLANG_WARN_UNREACHABLE_CODE = YES;
				CLANG_WARN__DUPLICATE_METHOD_MATCH = YES;
				COPY_PHASE_STRIP = NO;
				CURRENT_PROJECT_VERSION = 1;
				DEBUG_INFORMATION_FORMAT = "dwarf-with-dsym";
				ENABLE_NS_ASSERTIONS = NO;
				ENABLE_STRICT_OBJC_MSGSEND = YES;
				GCC_C_LANGUAGE_STANDARD = gnu11;
				GCC_NO_COMMON_BLOCKS = YES;
				GCC_WARN_64_TO_32_BIT_CONVERSION = YES;
				GCC_WARN_ABOUT_RETURN_TYPE = YES_ERROR;
				GCC_WARN_UNDECLARED_SELECTOR = YES;
				GCC_WARN_UNINITIALIZED_AUTOS = YES_AGGRESSIVE;
				GCC_WARN_UNUSED_FUNCTION = YES;
				GCC_WARN_UNUSED_VARIABLE = YES;
				MARKETING_VERSION = 0.1.0;
				MTL_ENABLE_DEBUG_INFO = NO;
				MTL_FAST_MATH = YES;
				PRODUCT_NAME = "$(TARGET_NAME)";
				SDKROOT = xros;
				SWIFT_COMPILATION_MODE = wholemodule;
				SWIFT_OPTIMIZATION_LEVEL = "-O";
				SWIFT_VERSION = 6.0;
				XROS_DEPLOYMENT_TARGET = 2.0;
			};
			name = Release;
		};
		BA84977BCF8DBE1127E46F0F /* Debug */ = {
			isa = XCBuildConfiguration;
			buildSettings = {
				ASSETCATALOG_COMPILER_APPICON_NAME = AppIcon;
				"CODE_SIGNING_ALLOWED[sdk=xrsimulator*]" = NO;
				"CODE_SIGNING_REQUIRED[sdk=xrsimulator*]" = NO;
				CODE_SIGN_STYLE = Automatic;
				DEVELOPMENT_TEAM = "";
				GENERATE_INFOPLIST_FILE = YES;
				INFOPLIST_FILE = Info.plist;
				INFOPLIST_KEY_CFBundleDisplayName = Superset;
				LD_RUNPATH_SEARCH_PATHS = (
					"$(inherited)",
					"@executable_path/Frameworks",
				);
				PRODUCT_BUNDLE_IDENTIFIER = sh.superset.visionos;
				SDKROOT = xros;
				TARGETED_DEVICE_FAMILY = 7;
			};
			name = Debug;
		};
		BFD5C7482831CFDA8F9DA660 /* Debug */ = {
			isa = XCBuildConfiguration;
			buildSettings = {
				ALWAYS_SEARCH_USER_PATHS = NO;
				CLANG_ANALYZER_NONNULL = YES;
				CLANG_ANALYZER_NUMBER_OBJECT_CONVERSION = YES_AGGRESSIVE;
				CLANG_CXX_LANGUAGE_STANDARD = "gnu++14";
				CLANG_CXX_LIBRARY = "libc++";
				CLANG_ENABLE_MODULES = YES;
				CLANG_ENABLE_OBJC_ARC = YES;
				CLANG_ENABLE_OBJC_WEAK = YES;
				CLANG_WARN_BLOCK_CAPTURE_AUTORELEASING = YES;
				CLANG_WARN_BOOL_CONVERSION = YES;
				CLANG_WARN_COMMA = YES;
				CLANG_WARN_CONSTANT_CONVERSION = YES;
				CLANG_WARN_DEPRECATED_OBJC_IMPLEMENTATIONS = YES;
				CLANG_WARN_DIRECT_OBJC_ISA_USAGE = YES_ERROR;
				CLANG_WARN_DOCUMENTATION_COMMENTS = YES;
				CLANG_WARN_EMPTY_BODY = YES;
				CLANG_WARN_ENUM_CONVERSION = YES;
				CLANG_WARN_INFINITE_RECURSION = YES;
				CLANG_WARN_INT_CONVERSION = YES;
				CLANG_WARN_NON_LITERAL_NULL_CONVERSION = YES;
				CLANG_WARN_OBJC_IMPLICIT_RETAIN_SELF = YES;
				CLANG_WARN_OBJC_LITERAL_CONVERSION = YES;
				CLANG_WARN_OBJC_ROOT_CLASS = YES_ERROR;
				CLANG_WARN_QUOTED_INCLUDE_IN_FRAMEWORK_HEADER = YES;
				CLANG_WARN_RANGE_LOOP_ANALYSIS = YES;
				CLANG_WARN_STRICT_PROTOTYPES = YES;
				CLANG_WARN_SUSPICIOUS_MOVE = YES;
				CLANG_WARN_UNGUARDED_AVAILABILITY = YES_AGGRESSIVE;
				CLANG_WARN_UNREACHABLE_CODE = YES;
				CLANG_WARN__DUPLICATE_METHOD_MATCH = YES;
				COPY_PHASE_STRIP = NO;
				CURRENT_PROJECT_VERSION = 1;
				DEBUG_INFORMATION_FORMAT = dwarf;
				ENABLE_STRICT_OBJC_MSGSEND = YES;
				ENABLE_TESTABILITY = YES;
				GCC_C_LANGUAGE_STANDARD = gnu11;
				GCC_DYNAMIC_NO_PIC = NO;
				GCC_NO_COMMON_BLOCKS = YES;
				GCC_OPTIMIZATION_LEVEL = 0;
				GCC_PREPROCESSOR_DEFINITIONS = (
					"$(inherited)",
					"DEBUG=1",
				);
				GCC_WARN_64_TO_32_BIT_CONVERSION = YES;
				GCC_WARN_ABOUT_RETURN_TYPE = YES_ERROR;
				GCC_WARN_UNDECLARED_SELECTOR = YES;
				GCC_WARN_UNINITIALIZED_AUTOS = YES_AGGRESSIVE;
				GCC_WARN_UNUSED_FUNCTION = YES;
				GCC_WARN_UNUSED_VARIABLE = YES;
				MARKETING_VERSION = 0.1.0;
				MTL_ENABLE_DEBUG_INFO = INCLUDE_SOURCE;
				MTL_FAST_MATH = YES;
				ONLY_ACTIVE_ARCH = YES;
				PRODUCT_NAME = "$(TARGET_NAME)";
				SDKROOT = xros;
				SWIFT_ACTIVE_COMPILATION_CONDITIONS = DEBUG;
				SWIFT_OPTIMIZATION_LEVEL = "-Onone";
				SWIFT_VERSION = 6.0;
				XROS_DEPLOYMENT_TARGET = 2.0;
			};
			name = Debug;
		};
/* End XCBuildConfiguration section */

/* Begin XCConfigurationList section */
		0DA962D7BA2C7066C9593AFC /* Build configuration list for PBXProject "Superset" */ = {
			isa = XCConfigurationList;
			buildConfigurations = (
				BFD5C7482831CFDA8F9DA660 /* Debug */,
				A388F55D4DD498FC27C5E946 /* Release */,
			);
			defaultConfigurationIsVisible = 0;
			defaultConfigurationName = Debug;
		};
		B6DD5F4FA6456656EE888E80 /* Build configuration list for PBXNativeTarget "Superset" */ = {
			isa = XCConfigurationList;
			buildConfigurations = (
				BA84977BCF8DBE1127E46F0F /* Debug */,
				60B70455F66F11958CA3A654 /* Release */,
			);
			defaultConfigurationIsVisible = 0;
			defaultConfigurationName = Debug;
		};
/* End XCConfigurationList section */
	};
	rootObject = E10E0D0C6F0C1782993BD658 /* Project object */;
}
