// !$*UTF8*$!
{
	archiveVersion = 1;
	classes = {
	};
	objectVersion = 77;
	objects = {

/* Begin PBXBuildFile section */
		03572042072CD60937FE9971 /* HostSummary.swift in Sources */ = {isa = PBXBuildFile; fileRef = B36C6E14BB04EEC3C4ED5689 /* HostSummary.swift */; };
		03DFBA6E8565D8DA5752F27A /* AdapterRegistry.swift in Sources */ = {isa = PBXBuildFile; fileRef = C535EAF837D94137217D69C1 /* AdapterRegistry.swift */; };
		04C0E1E65158014FCA476D8E /* RelayTokenProvider.swift in Sources */ = {isa = PBXBuildFile; fileRef = 604ABE83D09304DF36E0C629 /* RelayTokenProvider.swift */; };
		093B1209E89A07CAEDA91E45 /* DebugDumpView.swift in Sources */ = {isa = PBXBuildFile; fileRef = FB47A01B18DFD126CFC793AC /* DebugDumpView.swift */; };
		0D4FE4F83D6E73977CE7A2B5 /* TelemetryTransport.swift in Sources */ = {isa = PBXBuildFile; fileRef = 1C605ADEC56AC4700CDA637C /* TelemetryTransport.swift */; };
		0D6D0B2BFF7330504E7BDD23 /* FileWorkspaceListCache.swift in Sources */ = {isa = PBXBuildFile; fileRef = 6D54D6FB081CF27AF684D780 /* FileWorkspaceListCache.swift */; };
		1145EAAFB13955E516AE9305 /* SessionMetrics.swift in Sources */ = {isa = PBXBuildFile; fileRef = 31C300406588D9244173B6DA /* SessionMetrics.swift */; };
		15A86FDEF0682B968A6577F3 /* AuthConfiguration.swift in Sources */ = {isa = PBXBuildFile; fileRef = 3EBB23410BF69FFAD4754BCF /* AuthConfiguration.swift */; };
		15CD9DC3E3A2A38948445F26 /* InlineToolResultView.swift in Sources */ = {isa = PBXBuildFile; fileRef = DE1C321FA276AC80B909B18A /* InlineToolResultView.swift */; };
		17AAEA8D7E8B45F77C91E382 /* WorkspaceLifecycle.swift in Sources */ = {isa = PBXBuildFile; fileRef = 130B252BCA4B8DDBBB1E42B6 /* WorkspaceLifecycle.swift */; };
		1FA3CA7DD882280F06E2659F /* ChatModel.swift in Sources */ = {isa = PBXBuildFile; fileRef = 194E32D705561C5BE2FAC96F /* ChatModel.swift */; };
		21D6110DFD881AE4455AA3D5 /* PlaceholderPaneView.swift in Sources */ = {isa = PBXBuildFile; fileRef = 7AB6AF6E7DC086463573FA31 /* PlaceholderPaneView.swift */; };
		23C3FECF03827D3E4B7072EF /* TelemetryEvent.swift in Sources */ = {isa = PBXBuildFile; fileRef = 7A4FAF6231201DB7C1CE794A /* TelemetryEvent.swift */; };
		2492DD4BCA904F2217426005 /* WorkspaceWindowView.swift in Sources */ = {isa = PBXBuildFile; fileRef = 4C1A100609EC30AD426B9E98 /* WorkspaceWindowView.swift */; };
		253DEB5B07FB3C0952A3B6C4 /* SessionIDStore.swift in Sources */ = {isa = PBXBuildFile; fileRef = E8A727F8F09F5F410AF0DFAF /* SessionIDStore.swift */; };
		26D182223694CF2CD5296B36 /* WorkspaceRenameView.swift in Sources */ = {isa = PBXBuildFile; fileRef = 551E9F7F296AC773E05175CD /* WorkspaceRenameView.swift */; };
		2708DC24F7DDD9F6C4BC9BF3 /* Telemetry.swift in Sources */ = {isa = PBXBuildFile; fileRef = 48499C408B1F829A6FBF864B /* Telemetry.swift */; };
		28F345036BA3A958F0734DBA /* ChatSessionStore.swift in Sources */ = {isa = PBXBuildFile; fileRef = 999F02D5BC64AC0EDBEE01EA /* ChatSessionStore.swift */; };
		290DCDC3EBCCC384881C6F60 /* ChatTranscriptProviding.swift in Sources */ = {isa = PBXBuildFile; fileRef = 0A89302CCDC57D318AACE341 /* ChatTranscriptProviding.swift */; };
		2CFDE66105DA99A2CFD51D27 /* TranscriptView.swift in Sources */ = {isa = PBXBuildFile; fileRef = 10D3EF11E67F134FB9961295 /* TranscriptView.swift */; };
		314387A8B8FB6C1F6CB1352B /* WorkspaceListSnapshot.swift in Sources */ = {isa = PBXBuildFile; fileRef = FB2273016C45A53B43C22679 /* WorkspaceListSnapshot.swift */; };
		318AE87A0DB1984EC684CBA5 /* ChatSending.swift in Sources */ = {isa = PBXBuildFile; fileRef = 6082965EE16AC8180EE852AB /* ChatSending.swift */; };
		4677A02239BCFDAB2528C883 /* MessageRowView.swift in Sources */ = {isa = PBXBuildFile; fileRef = A74435601BA60CDC6A6783E5 /* MessageRowView.swift */; };
		46AA7C6E70547DD6FE471029 /* SettingsModel.swift in Sources */ = {isa = PBXBuildFile; fileRef = 2978A7F458C82111FBB5B731 /* SettingsModel.swift */; };
		48D6739261B886DC0ADEB607 /* OpenWindowsModel.swift in Sources */ = {isa = PBXBuildFile; fileRef = A6E033B8837C310A1ACC8BF8 /* OpenWindowsModel.swift */; };
		518D0A4734F6A0619353EE77 /* AuthAPIClient.swift in Sources */ = {isa = PBXBuildFile; fileRef = 5EED7FB9FF22843A554207FA /* AuthAPIClient.swift */; };
		545E8D04830E2C024962F48B /* WindowRouter.swift in Sources */ = {isa = PBXBuildFile; fileRef = 08B5CF265C0A693A32E586A6 /* WindowRouter.swift */; };
		5537B78F011F29017AFC0888 /* WorkspaceStore.swift in Sources */ = {isa = PBXBuildFile; fileRef = E8A45041D84D7175E6E07224 /* WorkspaceStore.swift */; };
		553D719B351AD5089ECA5064 /* LockView.swift in Sources */ = {isa = PBXBuildFile; fileRef = 48383CE2E272082F5B861F2C /* LockView.swift */; };
		57C72921400D9FFEE6A4C533 /* WorkspaceSwitcherView.swift in Sources */ = {isa = PBXBuildFile; fileRef = 4D447CDC7DF35EDC23E88BC9 /* WorkspaceSwitcherView.swift */; };
		5E0D2502006B85DB858A481B /* InteractionModelRegistry.swift in Sources */ = {isa = PBXBuildFile; fileRef = 5A1FAFF61D8724B174205ECA /* InteractionModelRegistry.swift */; };
		61FA6007D4DDC406FC6C73C7 /* TelemetryValue.swift in Sources */ = {isa = PBXBuildFile; fileRef = 7A32857A7A4CE341816F161F /* TelemetryValue.swift */; };
		6315F9471E6591AB2B5FA504 /* AgentPreset.swift in Sources */ = {isa = PBXBuildFile; fileRef = 7FDD53DEB3DACA052DE15581 /* AgentPreset.swift */; };
		6C09EBBD3266BE28C3928D8B /* AppSettingsStore.swift in Sources */ = {isa = PBXBuildFile; fileRef = 64FD4BDCD99524147416F507 /* AppSettingsStore.swift */; };
		6E06D08A9D826B141B1F7E95 /* CrashReporter.swift in Sources */ = {isa = PBXBuildFile; fileRef = C6775F5C959687D1450A458C /* CrashReporter.swift */; };
		723FFB2208D3FE9EEA8FD4A2 /* SignInView.swift in Sources */ = {isa = PBXBuildFile; fileRef = 92DB07131AB224ABB387A03E /* SignInView.swift */; };
		764B824AD74E5E6BAFCFE5F1 /* PostHogTransport.swift in Sources */ = {isa = PBXBuildFile; fileRef = 5A52EA499D48D24C71C06E1B /* PostHogTransport.swift */; };
		774C55011298370736F154C1 /* NativeWorkspaceAdapter.swift in Sources */ = {isa = PBXBuildFile; fileRef = DB4728D29F2601E977824C02 /* NativeWorkspaceAdapter.swift */; };
		7DF5684B45A4332F4AE85E49 /* WorkspaceListView.swift in Sources */ = {isa = PBXBuildFile; fileRef = AC176F69E2E01481F9EACFA5 /* WorkspaceListView.swift */; };
		7FA3E995B478E1C9EFAF5461 /* DebugListAdapter.swift in Sources */ = {isa = PBXBuildFile; fileRef = 4FC567F160659F98C450BF75 /* DebugListAdapter.swift */; };
		804DA999D250E633859F9B71 /* AuthHandoff.swift in Sources */ = {isa = PBXBuildFile; fileRef = 29CE8CA664D6E1EB4998B113 /* AuthHandoff.swift */; };
		8235B7201A86FBFA09F8DABB /* Project.swift in Sources */ = {isa = PBXBuildFile; fileRef = 9D3C48D92A24056C34E69447 /* Project.swift */; };
		8600E73F4CAC28122BDFFA8D /* AuthGateView.swift in Sources */ = {isa = PBXBuildFile; fileRef = 38AB15580946313EA26FC000 /* AuthGateView.swift */; };
		8C3E9B4FC201957E4E2B93D6 /* Workspace.swift in Sources */ = {isa = PBXBuildFile; fileRef = 951C8B061117E946C12C674B /* Workspace.swift */; };
		8D2AD532F7C04553E750A2BA /* WorkspaceAdapter.swift in Sources */ = {isa = PBXBuildFile; fileRef = B12FAB62826CA6420E3FC1BF /* WorkspaceAdapter.swift */; };
		8D53CDE375B2AF87C04BF4FC /* SupersetApp.swift in Sources */ = {isa = PBXBuildFile; fileRef = A34473633D6974E4EDDF25D7 /* SupersetApp.swift */; };
		8E18E653B5615FA8B6F89ED1 /* PendingStateStore.swift in Sources */ = {isa = PBXBuildFile; fileRef = E09F26E5C4DD588C2E00894D /* PendingStateStore.swift */; };
		90E0E987240F2B2FAAC6DCA6 /* TranscriptContentWebView.swift in Sources */ = {isa = PBXBuildFile; fileRef = 5C0E3C21E889FF2852E2BCF6 /* TranscriptContentWebView.swift */; };
		90EA0BA2EB3790BD092511AE /* WebAuthenticating.swift in Sources */ = {isa = PBXBuildFile; fileRef = 20D2F3DAE171CCC12EC7866B /* WebAuthenticating.swift */; };
		90F31E6C569BE9EF2B99AB38 /* LocalAuthenticating.swift in Sources */ = {isa = PBXBuildFile; fileRef = 0E54C463B7C9F6B1808C8587 /* LocalAuthenticating.swift */; };
		9743B1C58095655CFC9A7881 /* PaneKind.swift in Sources */ = {isa = PBXBuildFile; fileRef = 66E12DC999DAD3D512CB63A0 /* PaneKind.swift */; };
		9EB4375690B5B18B47D4D5D9 /* OnboardingView.swift in Sources */ = {isa = PBXBuildFile; fileRef = 84E52950F51D244AFDD15CE1 /* OnboardingView.swift */; };
		9FFCAEAAF043A69F58200B96 /* ComposerStore.swift in Sources */ = {isa = PBXBuildFile; fileRef = D82E9A288FF8D1A3D58DB6E9 /* ComposerStore.swift */; };
		A0D04B74617D392092E3F373 /* DeviceContext.swift in Sources */ = {isa = PBXBuildFile; fileRef = 7070DBB6BC8C26868EE3DB1E /* DeviceContext.swift */; };
		A5E215B39DF4E3D7971949B2 /* HostServiceClient.swift in Sources */ = {isa = PBXBuildFile; fileRef = 9C4F66798274C0C2405DA556 /* HostServiceClient.swift */; };
		A97A651F9FE82B71D4207033 /* AuthController.swift in Sources */ = {isa = PBXBuildFile; fileRef = 3DDC57904E84BCB8C49B06BC /* AuthController.swift */; };
		AB963EBB89A093E4205FAC8C /* HostCallOutcome.swift in Sources */ = {isa = PBXBuildFile; fileRef = 360BA75FD53E0FEA0FCCE2F7 /* HostCallOutcome.swift */; };
		AD8953B11C3496035E2E7355 /* LockController.swift in Sources */ = {isa = PBXBuildFile; fileRef = FA0FFEE2E71BD748C8C1DF25 /* LockController.swift */; };
		B30472F1601539A167959744 /* WorkspaceStatus+Presentation.swift in Sources */ = {isa = PBXBuildFile; fileRef = 5A8A7A18E62DCF32AB8E573D /* WorkspaceStatus+Presentation.swift */; };
		B41E3A8CF9DC2C1FB773DBF6 /* RootView.swift in Sources */ = {isa = PBXBuildFile; fileRef = 9F36DC5B2A7314017753C666 /* RootView.swift */; };
		B456543A3F6DDDF3D9FF3F2F /* AuthError.swift in Sources */ = {isa = PBXBuildFile; fileRef = F0F959F6CC86D853AE500BE5 /* AuthError.swift */; };
		B7D1CFEA2014E688B20C6B2C /* DeepLinkRoute.swift in Sources */ = {isa = PBXBuildFile; fileRef = 16D3DBDE2668834DDADB7C18 /* DeepLinkRoute.swift */; };
		BE87A8E9315B404F3D41F9D0 /* WorkspaceStatus.swift in Sources */ = {isa = PBXBuildFile; fileRef = B2AC4C08EE6FBF693D8817C1 /* WorkspaceStatus.swift */; };
		BE8DF51B347AACA7B1CEECD8 /* ProjectWindowView.swift in Sources */ = {isa = PBXBuildFile; fileRef = CE6CCDB4EFC03649FB80847A /* ProjectWindowView.swift */; };
		BEA166713C42991BC1044B55 /* DictationController.swift in Sources */ = {isa = PBXBuildFile; fileRef = 1C51BD34DAB68F9E5DA00CC3 /* DictationController.swift */; };
		C0207E8B8A5DD12672434F04 /* RootRailView.swift in Sources */ = {isa = PBXBuildFile; fileRef = 72768452C20DF59EFB5A2111 /* RootRailView.swift */; };
		C75CA305DE3A3D4DE4BC7FDF /* SettingsView.swift in Sources */ = {isa = PBXBuildFile; fileRef = EF721B84B64BBFA6A277F655 /* SettingsView.swift */; };
		C7F1C7C4A2991D2DDE633F6C /* LockGate.swift in Sources */ = {isa = PBXBuildFile; fileRef = A714C9E7340031FA6EF71C5A /* LockGate.swift */; };
		CA1A0EE668C67131AC87D08F /* JSONValue.swift in Sources */ = {isa = PBXBuildFile; fileRef = CB289D39EB7C8517A4F924B2 /* JSONValue.swift */; };
		CBFCC03B6B2DA044692A80BE /* AuthToken.swift in Sources */ = {isa = PBXBuildFile; fileRef = 1F0955CFCBD44D5379F9687F /* AuthToken.swift */; };
		CE25151ABA3BE952C39ADC89 /* TelemetryConfiguration.swift in Sources */ = {isa = PBXBuildFile; fileRef = A74BC6EDC2AAC583751A65F5 /* TelemetryConfiguration.swift */; };
		E9FF1F83E22847605B58B3B6 /* OnboardingStore.swift in Sources */ = {isa = PBXBuildFile; fileRef = 20AD9E9A3D6E963D12413832 /* OnboardingStore.swift */; };
		F3E655B98BF06D05AB324E38 /* ComposerView.swift in Sources */ = {isa = PBXBuildFile; fileRef = 2A354115CC73B8D78D623386 /* ComposerView.swift */; };
		F68C9ACC7FCC7FB8A62D4C0B /* ChatTranscript.swift in Sources */ = {isa = PBXBuildFile; fileRef = 06A752A00CBBF07D23FB817A /* ChatTranscript.swift */; };
		F777437C5416A319F088E9C0 /* TokenStore.swift in Sources */ = {isa = PBXBuildFile; fileRef = 7B1A33BCCB729966E3BE20D4 /* TokenStore.swift */; };
		F7FBFFCDCA057CB2DFE6A1B6 /* CloudWorkspaceClient.swift in Sources */ = {isa = PBXBuildFile; fileRef = C36912B74D7D1879F31FFCB5 /* CloudWorkspaceClient.swift */; };
		FEB08DF90C8DE87265FEF0C7 /* WorkspaceCreateView.swift in Sources */ = {isa = PBXBuildFile; fileRef = 9CD8E03372D3D5EE6DF32053 /* WorkspaceCreateView.swift */; };
/* End PBXBuildFile section */

/* Begin PBXFileReference section */
		06A752A00CBBF07D23FB817A /* ChatTranscript.swift */ = {isa = PBXFileReference; lastKnownFileType = sourcecode.swift; path = ChatTranscript.swift; sourceTree = "<group>"; };
		08B5CF265C0A693A32E586A6 /* WindowRouter.swift */ = {isa = PBXFileReference; lastKnownFileType = sourcecode.swift; path = WindowRouter.swift; sourceTree = "<group>"; };
		0A89302CCDC57D318AACE341 /* ChatTranscriptProviding.swift */ = {isa = PBXFileReference; lastKnownFileType = sourcecode.swift; path = ChatTranscriptProviding.swift; sourceTree = "<group>"; };
		0E54C463B7C9F6B1808C8587 /* LocalAuthenticating.swift */ = {isa = PBXFileReference; lastKnownFileType = sourcecode.swift; path = LocalAuthenticating.swift; sourceTree = "<group>"; };
		10D3EF11E67F134FB9961295 /* TranscriptView.swift */ = {isa = PBXFileReference; lastKnownFileType = sourcecode.swift; path = TranscriptView.swift; sourceTree = "<group>"; };
		130B252BCA4B8DDBBB1E42B6 /* WorkspaceLifecycle.swift */ = {isa = PBXFileReference; lastKnownFileType = sourcecode.swift; path = WorkspaceLifecycle.swift; sourceTree = "<group>"; };
		16D3DBDE2668834DDADB7C18 /* DeepLinkRoute.swift */ = {isa = PBXFileReference; lastKnownFileType = sourcecode.swift; path = DeepLinkRoute.swift; sourceTree = "<group>"; };
		194E32D705561C5BE2FAC96F /* ChatModel.swift */ = {isa = PBXFileReference; lastKnownFileType = sourcecode.swift; path = ChatModel.swift; sourceTree = "<group>"; };
		1C51BD34DAB68F9E5DA00CC3 /* DictationController.swift */ = {isa = PBXFileReference; lastKnownFileType = sourcecode.swift; path = DictationController.swift; sourceTree = "<group>"; };
		1C605ADEC56AC4700CDA637C /* TelemetryTransport.swift */ = {isa = PBXFileReference; lastKnownFileType = sourcecode.swift; path = TelemetryTransport.swift; sourceTree = "<group>"; };
		1F0955CFCBD44D5379F9687F /* AuthToken.swift */ = {isa = PBXFileReference; lastKnownFileType = sourcecode.swift; path = AuthToken.swift; sourceTree = "<group>"; };
		20AD9E9A3D6E963D12413832 /* OnboardingStore.swift */ = {isa = PBXFileReference; lastKnownFileType = sourcecode.swift; path = OnboardingStore.swift; sourceTree = "<group>"; };
		20D2F3DAE171CCC12EC7866B /* WebAuthenticating.swift */ = {isa = PBXFileReference; lastKnownFileType = sourcecode.swift; path = WebAuthenticating.swift; sourceTree = "<group>"; };
		2978A7F458C82111FBB5B731 /* SettingsModel.swift */ = {isa = PBXFileReference; lastKnownFileType = sourcecode.swift; path = SettingsModel.swift; sourceTree = "<group>"; };
		29CE8CA664D6E1EB4998B113 /* AuthHandoff.swift */ = {isa = PBXFileReference; lastKnownFileType = sourcecode.swift; path = AuthHandoff.swift; sourceTree = "<group>"; };
		2A354115CC73B8D78D623386 /* ComposerView.swift */ = {isa = PBXFileReference; lastKnownFileType = sourcecode.swift; path = ComposerView.swift; sourceTree = "<group>"; };
		31C300406588D9244173B6DA /* SessionMetrics.swift */ = {isa = PBXFileReference; lastKnownFileType = sourcecode.swift; path = SessionMetrics.swift; sourceTree = "<group>"; };
		360BA75FD53E0FEA0FCCE2F7 /* HostCallOutcome.swift */ = {isa = PBXFileReference; lastKnownFileType = sourcecode.swift; path = HostCallOutcome.swift; sourceTree = "<group>"; };
		38AB15580946313EA26FC000 /* AuthGateView.swift */ = {isa = PBXFileReference; lastKnownFileType = sourcecode.swift; path = AuthGateView.swift; sourceTree = "<group>"; };
		3DDC57904E84BCB8C49B06BC /* AuthController.swift */ = {isa = PBXFileReference; lastKnownFileType = sourcecode.swift; path = AuthController.swift; sourceTree = "<group>"; };
		3EBB23410BF69FFAD4754BCF /* AuthConfiguration.swift */ = {isa = PBXFileReference; lastKnownFileType = sourcecode.swift; path = AuthConfiguration.swift; sourceTree = "<group>"; };
		48383CE2E272082F5B861F2C /* LockView.swift */ = {isa = PBXFileReference; lastKnownFileType = sourcecode.swift; path = LockView.swift; sourceTree = "<group>"; };
		48499C408B1F829A6FBF864B /* Telemetry.swift */ = {isa = PBXFileReference; lastKnownFileType = sourcecode.swift; path = Telemetry.swift; sourceTree = "<group>"; };
		4C1A100609EC30AD426B9E98 /* WorkspaceWindowView.swift */ = {isa = PBXFileReference; lastKnownFileType = sourcecode.swift; path = WorkspaceWindowView.swift; sourceTree = "<group>"; };
		4D447CDC7DF35EDC23E88BC9 /* WorkspaceSwitcherView.swift */ = {isa = PBXFileReference; lastKnownFileType = sourcecode.swift; path = WorkspaceSwitcherView.swift; sourceTree = "<group>"; };
		4FC567F160659F98C450BF75 /* DebugListAdapter.swift */ = {isa = PBXFileReference; lastKnownFileType = sourcecode.swift; path = DebugListAdapter.swift; sourceTree = "<group>"; };
		551E9F7F296AC773E05175CD /* WorkspaceRenameView.swift */ = {isa = PBXFileReference; lastKnownFileType = sourcecode.swift; path = WorkspaceRenameView.swift; sourceTree = "<group>"; };
		5A1FAFF61D8724B174205ECA /* InteractionModelRegistry.swift */ = {isa = PBXFileReference; lastKnownFileType = sourcecode.swift; path = InteractionModelRegistry.swift; sourceTree = "<group>"; };
		5A52EA499D48D24C71C06E1B /* PostHogTransport.swift */ = {isa = PBXFileReference; lastKnownFileType = sourcecode.swift; path = PostHogTransport.swift; sourceTree = "<group>"; };
		5A8A7A18E62DCF32AB8E573D /* WorkspaceStatus+Presentation.swift */ = {isa = PBXFileReference; lastKnownFileType = sourcecode.swift; path = "WorkspaceStatus+Presentation.swift"; sourceTree = "<group>"; };
		5C0E3C21E889FF2852E2BCF6 /* TranscriptContentWebView.swift */ = {isa = PBXFileReference; lastKnownFileType = sourcecode.swift; path = TranscriptContentWebView.swift; sourceTree = "<group>"; };
		5EED7FB9FF22843A554207FA /* AuthAPIClient.swift */ = {isa = PBXFileReference; lastKnownFileType = sourcecode.swift; path = AuthAPIClient.swift; sourceTree = "<group>"; };
		604ABE83D09304DF36E0C629 /* RelayTokenProvider.swift */ = {isa = PBXFileReference; lastKnownFileType = sourcecode.swift; path = RelayTokenProvider.swift; sourceTree = "<group>"; };
		6082965EE16AC8180EE852AB /* ChatSending.swift */ = {isa = PBXFileReference; lastKnownFileType = sourcecode.swift; path = ChatSending.swift; sourceTree = "<group>"; };
		64FD4BDCD99524147416F507 /* AppSettingsStore.swift */ = {isa = PBXFileReference; lastKnownFileType = sourcecode.swift; path = AppSettingsStore.swift; sourceTree = "<group>"; };
		66E12DC999DAD3D512CB63A0 /* PaneKind.swift */ = {isa = PBXFileReference; lastKnownFileType = sourcecode.swift; path = PaneKind.swift; sourceTree = "<group>"; };
		6D54D6FB081CF27AF684D780 /* FileWorkspaceListCache.swift */ = {isa = PBXFileReference; lastKnownFileType = sourcecode.swift; path = FileWorkspaceListCache.swift; sourceTree = "<group>"; };
		7070DBB6BC8C26868EE3DB1E /* DeviceContext.swift */ = {isa = PBXFileReference; lastKnownFileType = sourcecode.swift; path = DeviceContext.swift; sourceTree = "<group>"; };
		72768452C20DF59EFB5A2111 /* RootRailView.swift */ = {isa = PBXFileReference; lastKnownFileType = sourcecode.swift; path = RootRailView.swift; sourceTree = "<group>"; };
		7A32857A7A4CE341816F161F /* TelemetryValue.swift */ = {isa = PBXFileReference; lastKnownFileType = sourcecode.swift; path = TelemetryValue.swift; sourceTree = "<group>"; };
		7A4FAF6231201DB7C1CE794A /* TelemetryEvent.swift */ = {isa = PBXFileReference; lastKnownFileType = sourcecode.swift; path = TelemetryEvent.swift; sourceTree = "<group>"; };
		7AB6AF6E7DC086463573FA31 /* PlaceholderPaneView.swift */ = {isa = PBXFileReference; lastKnownFileType = sourcecode.swift; path = PlaceholderPaneView.swift; sourceTree = "<group>"; };
		7B1A33BCCB729966E3BE20D4 /* TokenStore.swift */ = {isa = PBXFileReference; lastKnownFileType = sourcecode.swift; path = TokenStore.swift; sourceTree = "<group>"; };
		7FDD53DEB3DACA052DE15581 /* AgentPreset.swift */ = {isa = PBXFileReference; lastKnownFileType = sourcecode.swift; path = AgentPreset.swift; sourceTree = "<group>"; };
		84E52950F51D244AFDD15CE1 /* OnboardingView.swift */ = {isa = PBXFileReference; lastKnownFileType = sourcecode.swift; path = OnboardingView.swift; sourceTree = "<group>"; };
		92DB07131AB224ABB387A03E /* SignInView.swift */ = {isa = PBXFileReference; lastKnownFileType = sourcecode.swift; path = SignInView.swift; sourceTree = "<group>"; };
		951C8B061117E946C12C674B /* Workspace.swift */ = {isa = PBXFileReference; lastKnownFileType = sourcecode.swift; path = Workspace.swift; sourceTree = "<group>"; };
		999F02D5BC64AC0EDBEE01EA /* ChatSessionStore.swift */ = {isa = PBXFileReference; lastKnownFileType = sourcecode.swift; path = ChatSessionStore.swift; sourceTree = "<group>"; };
		9C4F66798274C0C2405DA556 /* HostServiceClient.swift */ = {isa = PBXFileReference; lastKnownFileType = sourcecode.swift; path = HostServiceClient.swift; sourceTree = "<group>"; };
		9CD8E03372D3D5EE6DF32053 /* WorkspaceCreateView.swift */ = {isa = PBXFileReference; lastKnownFileType = sourcecode.swift; path = WorkspaceCreateView.swift; sourceTree = "<group>"; };
		9D3C48D92A24056C34E69447 /* Project.swift */ = {isa = PBXFileReference; lastKnownFileType = sourcecode.swift; path = Project.swift; sourceTree = "<group>"; };
		9F36DC5B2A7314017753C666 /* RootView.swift */ = {isa = PBXFileReference; lastKnownFileType = sourcecode.swift; path = RootView.swift; sourceTree = "<group>"; };
		A34473633D6974E4EDDF25D7 /* SupersetApp.swift */ = {isa = PBXFileReference; lastKnownFileType = sourcecode.swift; path = SupersetApp.swift; sourceTree = "<group>"; };
		A6E033B8837C310A1ACC8BF8 /* OpenWindowsModel.swift */ = {isa = PBXFileReference; lastKnownFileType = sourcecode.swift; path = OpenWindowsModel.swift; sourceTree = "<group>"; };
		A714C9E7340031FA6EF71C5A /* LockGate.swift */ = {isa = PBXFileReference; lastKnownFileType = sourcecode.swift; path = LockGate.swift; sourceTree = "<group>"; };
		A74435601BA60CDC6A6783E5 /* MessageRowView.swift */ = {isa = PBXFileReference; lastKnownFileType = sourcecode.swift; path = MessageRowView.swift; sourceTree = "<group>"; };
		A74BC6EDC2AAC583751A65F5 /* TelemetryConfiguration.swift */ = {isa = PBXFileReference; lastKnownFileType = sourcecode.swift; path = TelemetryConfiguration.swift; sourceTree = "<group>"; };
		A7EC74FA3E1D90B3BD0C7CAD /* Superset.app */ = {isa = PBXFileReference; includeInIndex = 0; lastKnownFileType = wrapper.application; path = Superset.app; sourceTree = BUILT_PRODUCTS_DIR; };
		AC176F69E2E01481F9EACFA5 /* WorkspaceListView.swift */ = {isa = PBXFileReference; lastKnownFileType = sourcecode.swift; path = WorkspaceListView.swift; sourceTree = "<group>"; };
		B12FAB62826CA6420E3FC1BF /* WorkspaceAdapter.swift */ = {isa = PBXFileReference; lastKnownFileType = sourcecode.swift; path = WorkspaceAdapter.swift; sourceTree = "<group>"; };
		B2AC4C08EE6FBF693D8817C1 /* WorkspaceStatus.swift */ = {isa = PBXFileReference; lastKnownFileType = sourcecode.swift; path = WorkspaceStatus.swift; sourceTree = "<group>"; };
		B36C6E14BB04EEC3C4ED5689 /* HostSummary.swift */ = {isa = PBXFileReference; lastKnownFileType = sourcecode.swift; path = HostSummary.swift; sourceTree = "<group>"; };
		C36912B74D7D1879F31FFCB5 /* CloudWorkspaceClient.swift */ = {isa = PBXFileReference; lastKnownFileType = sourcecode.swift; path = CloudWorkspaceClient.swift; sourceTree = "<group>"; };
		C535EAF837D94137217D69C1 /* AdapterRegistry.swift */ = {isa = PBXFileReference; lastKnownFileType = sourcecode.swift; path = AdapterRegistry.swift; sourceTree = "<group>"; };
		C6775F5C959687D1450A458C /* CrashReporter.swift */ = {isa = PBXFileReference; lastKnownFileType = sourcecode.swift; path = CrashReporter.swift; sourceTree = "<group>"; };
		CB289D39EB7C8517A4F924B2 /* JSONValue.swift */ = {isa = PBXFileReference; lastKnownFileType = sourcecode.swift; path = JSONValue.swift; sourceTree = "<group>"; };
		CE6CCDB4EFC03649FB80847A /* ProjectWindowView.swift */ = {isa = PBXFileReference; lastKnownFileType = sourcecode.swift; path = ProjectWindowView.swift; sourceTree = "<group>"; };
		D82E9A288FF8D1A3D58DB6E9 /* ComposerStore.swift */ = {isa = PBXFileReference; lastKnownFileType = sourcecode.swift; path = ComposerStore.swift; sourceTree = "<group>"; };
		DB4728D29F2601E977824C02 /* NativeWorkspaceAdapter.swift */ = {isa = PBXFileReference; lastKnownFileType = sourcecode.swift; path = NativeWorkspaceAdapter.swift; sourceTree = "<group>"; };
		DE1C321FA276AC80B909B18A /* InlineToolResultView.swift */ = {isa = PBXFileReference; lastKnownFileType = sourcecode.swift; path = InlineToolResultView.swift; sourceTree = "<group>"; };
		E09F26E5C4DD588C2E00894D /* PendingStateStore.swift */ = {isa = PBXFileReference; lastKnownFileType = sourcecode.swift; path = PendingStateStore.swift; sourceTree = "<group>"; };
		E8A45041D84D7175E6E07224 /* WorkspaceStore.swift */ = {isa = PBXFileReference; lastKnownFileType = sourcecode.swift; path = WorkspaceStore.swift; sourceTree = "<group>"; };
		E8A727F8F09F5F410AF0DFAF /* SessionIDStore.swift */ = {isa = PBXFileReference; lastKnownFileType = sourcecode.swift; path = SessionIDStore.swift; sourceTree = "<group>"; };
		EF721B84B64BBFA6A277F655 /* SettingsView.swift */ = {isa = PBXFileReference; lastKnownFileType = sourcecode.swift; path = SettingsView.swift; sourceTree = "<group>"; };
		F0F959F6CC86D853AE500BE5 /* AuthError.swift */ = {isa = PBXFileReference; lastKnownFileType = sourcecode.swift; path = AuthError.swift; sourceTree = "<group>"; };
		FA0FFEE2E71BD748C8C1DF25 /* LockController.swift */ = {isa = PBXFileReference; lastKnownFileType = sourcecode.swift; path = LockController.swift; sourceTree = "<group>"; };
		FB2273016C45A53B43C22679 /* WorkspaceListSnapshot.swift */ = {isa = PBXFileReference; lastKnownFileType = sourcecode.swift; path = WorkspaceListSnapshot.swift; sourceTree = "<group>"; };
		FB47A01B18DFD126CFC793AC /* DebugDumpView.swift */ = {isa = PBXFileReference; lastKnownFileType = sourcecode.swift; path = DebugDumpView.swift; sourceTree = "<group>"; };
/* End PBXFileReference section */

/* Begin PBXGroup section */
		20840045A2BA759685ADB595 /* Chat */ = {
			isa = PBXGroup;
			children = (
				7FDD53DEB3DACA052DE15581 /* AgentPreset.swift */,
				194E32D705561C5BE2FAC96F /* ChatModel.swift */,
				6082965EE16AC8180EE852AB /* ChatSending.swift */,
				999F02D5BC64AC0EDBEE01EA /* ChatSessionStore.swift */,
				06A752A00CBBF07D23FB817A /* ChatTranscript.swift */,
				0A89302CCDC57D318AACE341 /* ChatTranscriptProviding.swift */,
				D82E9A288FF8D1A3D58DB6E9 /* ComposerStore.swift */,
				CB289D39EB7C8517A4F924B2 /* JSONValue.swift */,
				E8A727F8F09F5F410AF0DFAF /* SessionIDStore.swift */,
			);
			path = Chat;
			sourceTree = "<group>";
		};
		2E25C6316507DE62FDD3BBFD /* Domain */ = {
			isa = PBXGroup;
			children = (
				6D54D6FB081CF27AF684D780 /* FileWorkspaceListCache.swift */,
				B36C6E14BB04EEC3C4ED5689 /* HostSummary.swift */,
				9D3C48D92A24056C34E69447 /* Project.swift */,
				951C8B061117E946C12C674B /* Workspace.swift */,
				130B252BCA4B8DDBBB1E42B6 /* WorkspaceLifecycle.swift */,
				FB2273016C45A53B43C22679 /* WorkspaceListSnapshot.swift */,
				B2AC4C08EE6FBF693D8817C1 /* WorkspaceStatus.swift */,
				E8A45041D84D7175E6E07224 /* WorkspaceStore.swift */,
				20840045A2BA759685ADB595 /* Chat */,
				A6180B8BEA53AC401CC16168 /* Routing */,
			);
			path = Domain;
			sourceTree = "<group>";
		};
		3189518095884CDA2ADDE4AC /* Onboarding */ = {
			isa = PBXGroup;
			children = (
				20AD9E9A3D6E963D12413832 /* OnboardingStore.swift */,
				84E52950F51D244AFDD15CE1 /* OnboardingView.swift */,
			);
			path = Onboarding;
			sourceTree = "<group>";
		};
		38134F1BF13006725476B2C0 /* Adapters */ = {
			isa = PBXGroup;
			children = (
				4FC567F160659F98C450BF75 /* DebugListAdapter.swift */,
				DB4728D29F2601E977824C02 /* NativeWorkspaceAdapter.swift */,
			);
			path = Adapters;
			sourceTree = "<group>";
		};
		50BF9B3E16D929C1B06B6FAE /* Cloud */ = {
			isa = PBXGroup;
			children = (
				C36912B74D7D1879F31FFCB5 /* CloudWorkspaceClient.swift */,
				9C4F66798274C0C2405DA556 /* HostServiceClient.swift */,
				604ABE83D09304DF36E0C629 /* RelayTokenProvider.swift */,
			);
			path = Cloud;
			sourceTree = "<group>";
		};
		5217E3080141B8706C31A2A1 /* Renderer */ = {
			isa = PBXGroup;
			children = (
				C535EAF837D94137217D69C1 /* AdapterRegistry.swift */,
				66E12DC999DAD3D512CB63A0 /* PaneKind.swift */,
				B12FAB62826CA6420E3FC1BF /* WorkspaceAdapter.swift */,
				38134F1BF13006725476B2C0 /* Adapters */,
			);
			path = Renderer;
			sourceTree = "<group>";
		};
		8C6FC9699F7306719CEDE602 /* Auth */ = {
			isa = PBXGroup;
			children = (
				5EED7FB9FF22843A554207FA /* AuthAPIClient.swift */,
				3EBB23410BF69FFAD4754BCF /* AuthConfiguration.swift */,
				3DDC57904E84BCB8C49B06BC /* AuthController.swift */,
				F0F959F6CC86D853AE500BE5 /* AuthError.swift */,
				29CE8CA664D6E1EB4998B113 /* AuthHandoff.swift */,
				1F0955CFCBD44D5379F9687F /* AuthToken.swift */,
				0E54C463B7C9F6B1808C8587 /* LocalAuthenticating.swift */,
				FA0FFEE2E71BD748C8C1DF25 /* LockController.swift */,
				E09F26E5C4DD588C2E00894D /* PendingStateStore.swift */,
				7B1A33BCCB729966E3BE20D4 /* TokenStore.swift */,
				20D2F3DAE171CCC12EC7866B /* WebAuthenticating.swift */,
			);
			path = Auth;
			sourceTree = "<group>";
		};
		9C20B8EEA8FE80F0403919FE /* Sources */ = {
			isa = PBXGroup;
			children = (
				A34473633D6974E4EDDF25D7 /* SupersetApp.swift */,
				8C6FC9699F7306719CEDE602 /* Auth */,
				50BF9B3E16D929C1B06B6FAE /* Cloud */,
				2E25C6316507DE62FDD3BBFD /* Domain */,
				C6861F93373C82B978E891B2 /* Observability */,
				5217E3080141B8706C31A2A1 /* Renderer */,
				B55B99E04A5AB3A18722103B /* UI */,
			);
			path = Sources;
			sourceTree = "<group>";
		};
		A6180B8BEA53AC401CC16168 /* Routing */ = {
			isa = PBXGroup;
			children = (
				16D3DBDE2668834DDADB7C18 /* DeepLinkRoute.swift */,
			);
			path = Routing;
			sourceTree = "<group>";
		};
		A9BA41B4CA67AD9E60FC4DB3 /* Chat */ = {
			isa = PBXGroup;
			children = (
				2A354115CC73B8D78D623386 /* ComposerView.swift */,
				1C51BD34DAB68F9E5DA00CC3 /* DictationController.swift */,
				DE1C321FA276AC80B909B18A /* InlineToolResultView.swift */,
				A74435601BA60CDC6A6783E5 /* MessageRowView.swift */,
				5C0E3C21E889FF2852E2BCF6 /* TranscriptContentWebView.swift */,
				10D3EF11E67F134FB9961295 /* TranscriptView.swift */,
			);
			path = Chat;
			sourceTree = "<group>";
		};
		AC24651113BCD4BCB2A66130 /* Products */ = {
			isa = PBXGroup;
			children = (
				A7EC74FA3E1D90B3BD0C7CAD /* Superset.app */,
			);
			name = Products;
			sourceTree = "<group>";
		};
		B0623653AD41013004E74968 = {
			isa = PBXGroup;
			children = (
				9C20B8EEA8FE80F0403919FE /* Sources */,
				AC24651113BCD4BCB2A66130 /* Products */,
			);
			sourceTree = "<group>";
		};
		B55B99E04A5AB3A18722103B /* UI */ = {
			isa = PBXGroup;
			children = (
				64FD4BDCD99524147416F507 /* AppSettingsStore.swift */,
				38AB15580946313EA26FC000 /* AuthGateView.swift */,
				FB47A01B18DFD126CFC793AC /* DebugDumpView.swift */,
				5A1FAFF61D8724B174205ECA /* InteractionModelRegistry.swift */,
				A714C9E7340031FA6EF71C5A /* LockGate.swift */,
				48383CE2E272082F5B861F2C /* LockView.swift */,
				A6E033B8837C310A1ACC8BF8 /* OpenWindowsModel.swift */,
				7AB6AF6E7DC086463573FA31 /* PlaceholderPaneView.swift */,
				CE6CCDB4EFC03649FB80847A /* ProjectWindowView.swift */,
				72768452C20DF59EFB5A2111 /* RootRailView.swift */,
				9F36DC5B2A7314017753C666 /* RootView.swift */,
				2978A7F458C82111FBB5B731 /* SettingsModel.swift */,
				EF721B84B64BBFA6A277F655 /* SettingsView.swift */,
				92DB07131AB224ABB387A03E /* SignInView.swift */,
				08B5CF265C0A693A32E586A6 /* WindowRouter.swift */,
				9CD8E03372D3D5EE6DF32053 /* WorkspaceCreateView.swift */,
				AC176F69E2E01481F9EACFA5 /* WorkspaceListView.swift */,
				551E9F7F296AC773E05175CD /* WorkspaceRenameView.swift */,
				5A8A7A18E62DCF32AB8E573D /* WorkspaceStatus+Presentation.swift */,
				4D447CDC7DF35EDC23E88BC9 /* WorkspaceSwitcherView.swift */,
				4C1A100609EC30AD426B9E98 /* WorkspaceWindowView.swift */,
				A9BA41B4CA67AD9E60FC4DB3 /* Chat */,
				3189518095884CDA2ADDE4AC /* Onboarding */,
			);
			path = UI;
			sourceTree = "<group>";
		};
		C6861F93373C82B978E891B2 /* Observability */ = {
			isa = PBXGroup;
			children = (
				C6775F5C959687D1450A458C /* CrashReporter.swift */,
				7070DBB6BC8C26868EE3DB1E /* DeviceContext.swift */,
				360BA75FD53E0FEA0FCCE2F7 /* HostCallOutcome.swift */,
				5A52EA499D48D24C71C06E1B /* PostHogTransport.swift */,
				31C300406588D9244173B6DA /* SessionMetrics.swift */,
				48499C408B1F829A6FBF864B /* Telemetry.swift */,
				A74BC6EDC2AAC583751A65F5 /* TelemetryConfiguration.swift */,
				7A4FAF6231201DB7C1CE794A /* TelemetryEvent.swift */,
				1C605ADEC56AC4700CDA637C /* TelemetryTransport.swift */,
				7A32857A7A4CE341816F161F /* TelemetryValue.swift */,
			);
			path = Observability;
			sourceTree = "<group>";
		};
/* End PBXGroup section */

/* Begin PBXNativeTarget section */
		9A81E7F139DC661E9C0CC326 /* Superset */ = {
			isa = PBXNativeTarget;
			buildConfigurationList = B6DD5F4FA6456656EE888E80 /* Build configuration list for PBXNativeTarget "Superset" */;
			buildPhases = (
				66FECE6866AD7ADEFA063280 /* Sources */,
			);
			buildRules = (
			);
			dependencies = (
			);
			name = Superset;
			packageProductDependencies = (
			);
			productName = Superset;
			productReference = A7EC74FA3E1D90B3BD0C7CAD /* Superset.app */;
			productType = "com.apple.product-type.application";
		};
/* End PBXNativeTarget section */

/* Begin PBXProject section */
		E10E0D0C6F0C1782993BD658 /* Project object */ = {
			isa = PBXProject;
			attributes = {
				BuildIndependentTargetsInParallel = YES;
				LastUpgradeCheck = 2640;
				TargetAttributes = {
					9A81E7F139DC661E9C0CC326 = {
						DevelopmentTeam = "";
						ProvisioningStyle = Automatic;
					};
				};
			};
			buildConfigurationList = 0DA962D7BA2C7066C9593AFC /* Build configuration list for PBXProject "Superset" */;
			compatibilityVersion = "Xcode 14.0";
			developmentRegion = en;
			hasScannedForEncodings = 0;
			knownRegions = (
				Base,
				en,
			);
			mainGroup = B0623653AD41013004E74968;
			minimizedProjectReferenceProxies = 1;
			preferredProjectObjectVersion = 77;
			projectDirPath = "";
			projectRoot = "";
			targets = (
				9A81E7F139DC661E9C0CC326 /* Superset */,
			);
		};
/* End PBXProject section */

/* Begin PBXSourcesBuildPhase section */
		66FECE6866AD7ADEFA063280 /* Sources */ = {
			isa = PBXSourcesBuildPhase;
			buildActionMask = 2147483647;
			files = (
				03DFBA6E8565D8DA5752F27A /* AdapterRegistry.swift in Sources */,
				6315F9471E6591AB2B5FA504 /* AgentPreset.swift in Sources */,
				6C09EBBD3266BE28C3928D8B /* AppSettingsStore.swift in Sources */,
				518D0A4734F6A0619353EE77 /* AuthAPIClient.swift in Sources */,
				15A86FDEF0682B968A6577F3 /* AuthConfiguration.swift in Sources */,
				A97A651F9FE82B71D4207033 /* AuthController.swift in Sources */,
				B456543A3F6DDDF3D9FF3F2F /* AuthError.swift in Sources */,
				8600E73F4CAC28122BDFFA8D /* AuthGateView.swift in Sources */,
				804DA999D250E633859F9B71 /* AuthHandoff.swift in Sources */,
				CBFCC03B6B2DA044692A80BE /* AuthToken.swift in Sources */,
				1FA3CA7DD882280F06E2659F /* ChatModel.swift in Sources */,
				318AE87A0DB1984EC684CBA5 /* ChatSending.swift in Sources */,
				28F345036BA3A958F0734DBA /* ChatSessionStore.swift in Sources */,
				F68C9ACC7FCC7FB8A62D4C0B /* ChatTranscript.swift in Sources */,
				290DCDC3EBCCC384881C6F60 /* ChatTranscriptProviding.swift in Sources */,
				F7FBFFCDCA057CB2DFE6A1B6 /* CloudWorkspaceClient.swift in Sources */,
				9FFCAEAAF043A69F58200B96 /* ComposerStore.swift in Sources */,
				F3E655B98BF06D05AB324E38 /* ComposerView.swift in Sources */,
				6E06D08A9D826B141B1F7E95 /* CrashReporter.swift in Sources */,
				093B1209E89A07CAEDA91E45 /* DebugDumpView.swift in Sources */,
				7FA3E995B478E1C9EFAF5461 /* DebugListAdapter.swift in Sources */,
				B7D1CFEA2014E688B20C6B2C /* DeepLinkRoute.swift in Sources */,
				A0D04B74617D392092E3F373 /* DeviceContext.swift in Sources */,
				BEA166713C42991BC1044B55 /* DictationController.swift in Sources */,
				0D6D0B2BFF7330504E7BDD23 /* FileWorkspaceListCache.swift in Sources */,
				AB963EBB89A093E4205FAC8C /* HostCallOutcome.swift in Sources */,
				A5E215B39DF4E3D7971949B2 /* HostServiceClient.swift in Sources */,
				03572042072CD60937FE9971 /* HostSummary.swift in Sources */,
				15CD9DC3E3A2A38948445F26 /* InlineToolResultView.swift in Sources */,
				5E0D2502006B85DB858A481B /* InteractionModelRegistry.swift in Sources */,
				CA1A0EE668C67131AC87D08F /* JSONValue.swift in Sources */,
				90F31E6C569BE9EF2B99AB38 /* LocalAuthenticating.swift in Sources */,
				AD8953B11C3496035E2E7355 /* LockController.swift in Sources */,
				C7F1C7C4A2991D2DDE633F6C /* LockGate.swift in Sources */,
				553D719B351AD5089ECA5064 /* LockView.swift in Sources */,
				4677A02239BCFDAB2528C883 /* MessageRowView.swift in Sources */,
				774C55011298370736F154C1 /* NativeWorkspaceAdapter.swift in Sources */,
				E9FF1F83E22847605B58B3B6 /* OnboardingStore.swift in Sources */,
				9EB4375690B5B18B47D4D5D9 /* OnboardingView.swift in Sources */,
				48D6739261B886DC0ADEB607 /* OpenWindowsModel.swift in Sources */,
				9743B1C58095655CFC9A7881 /* PaneKind.swift in Sources */,
				8E18E653B5615FA8B6F89ED1 /* PendingStateStore.swift in Sources */,
				21D6110DFD881AE4455AA3D5 /* PlaceholderPaneView.swift in Sources */,
				764B824AD74E5E6BAFCFE5F1 /* PostHogTransport.swift in Sources */,
				8235B7201A86FBFA09F8DABB /* Project.swift in Sources */,
				BE8DF51B347AACA7B1CEECD8 /* ProjectWindowView.swift in Sources */,
				04C0E1E65158014FCA476D8E /* RelayTokenProvider.swift in Sources */,
				C0207E8B8A5DD12672434F04 /* RootRailView.swift in Sources */,
				B41E3A8CF9DC2C1FB773DBF6 /* RootView.swift in Sources */,
				253DEB5B07FB3C0952A3B6C4 /* SessionIDStore.swift in Sources */,
				1145EAAFB13955E516AE9305 /* SessionMetrics.swift in Sources */,
				46AA7C6E70547DD6FE471029 /* SettingsModel.swift in Sources */,
				C75CA305DE3A3D4DE4BC7FDF /* SettingsView.swift in Sources */,
				723FFB2208D3FE9EEA8FD4A2 /* SignInView.swift in Sources */,
				8D53CDE375B2AF87C04BF4FC /* SupersetApp.swift in Sources */,
				2708DC24F7DDD9F6C4BC9BF3 /* Telemetry.swift in Sources */,
				CE25151ABA3BE952C39ADC89 /* TelemetryConfiguration.swift in Sources */,
				23C3FECF03827D3E4B7072EF /* TelemetryEvent.swift in Sources */,
				0D4FE4F83D6E73977CE7A2B5 /* TelemetryTransport.swift in Sources */,
				61FA6007D4DDC406FC6C73C7 /* TelemetryValue.swift in Sources */,
				F777437C5416A319F088E9C0 /* TokenStore.swift in Sources */,
				90E0E987240F2B2FAAC6DCA6 /* TranscriptContentWebView.swift in Sources */,
				2CFDE66105DA99A2CFD51D27 /* TranscriptView.swift in Sources */,
				90EA0BA2EB3790BD092511AE /* WebAuthenticating.swift in Sources */,
				545E8D04830E2C024962F48B /* WindowRouter.swift in Sources */,
				8C3E9B4FC201957E4E2B93D6 /* Workspace.swift in Sources */,
				8D2AD532F7C04553E750A2BA /* WorkspaceAdapter.swift in Sources */,
				FEB08DF90C8DE87265FEF0C7 /* WorkspaceCreateView.swift in Sources */,
				17AAEA8D7E8B45F77C91E382 /* WorkspaceLifecycle.swift in Sources */,
				314387A8B8FB6C1F6CB1352B /* WorkspaceListSnapshot.swift in Sources */,
				7DF5684B45A4332F4AE85E49 /* WorkspaceListView.swift in Sources */,
				26D182223694CF2CD5296B36 /* WorkspaceRenameView.swift in Sources */,
				B30472F1601539A167959744 /* WorkspaceStatus+Presentation.swift in Sources */,
				BE87A8E9315B404F3D41F9D0 /* WorkspaceStatus.swift in Sources */,
				5537B78F011F29017AFC0888 /* WorkspaceStore.swift in Sources */,
				57C72921400D9FFEE6A4C533 /* WorkspaceSwitcherView.swift in Sources */,
				2492DD4BCA904F2217426005 /* WorkspaceWindowView.swift in Sources */,
			);
			runOnlyForDeploymentPostprocessing = 0;
		};
/* End PBXSourcesBuildPhase section */

/* Begin XCBuildConfiguration section */
		60B70455F66F11958CA3A654 /* Release */ = {
			isa = XCBuildConfiguration;
			buildSettings = {
				ASSETCATALOG_COMPILER_APPICON_NAME = AppIcon;
				"CODE_SIGNING_ALLOWED[sdk=xrsimulator*]" = NO;
				"CODE_SIGNING_REQUIRED[sdk=xrsimulator*]" = NO;
				CODE_SIGN_STYLE = Automatic;
				DEVELOPMENT_TEAM = "";
				GENERATE_INFOPLIST_FILE = YES;
				INFOPLIST_FILE = Info.plist;
				INFOPLIST_KEY_CFBundleDisplayName = Superset;
				LD_RUNPATH_SEARCH_PATHS = (
					"$(inherited)",
					"@executable_path/Frameworks",
				);
				PRODUCT_BUNDLE_IDENTIFIER = sh.superset.visionos;
				SDKROOT = xros;
				TARGETED_DEVICE_FAMILY = 7;
			};
			name = Release;
		};
		A388F55D4DD498FC27C5E946 /* Release */ = {
			isa = XCBuildConfiguration;
			buildSettings = {
				ALWAYS_SEARCH_USER_PATHS = NO;
				CLANG_ANALYZER_NONNULL = YES;
				CLANG_ANALYZER_NUMBER_OBJECT_CONVERSION = YES_AGGRESSIVE;
				CLANG_CXX_LANGUAGE_STANDARD = "gnu++14";
				CLANG_CXX_LIBRARY = "libc++";
				CLANG_ENABLE_MODULES = YES;
				CLANG_ENABLE_OBJC_ARC = YES;
				CLANG_ENABLE_OBJC_WEAK = YES;
				CLANG_WARN_BLOCK_CAPTURE_AUTORELEASING = YES;
				CLANG_WARN_BOOL_CONVERSION = YES;
				CLANG_WARN_COMMA = YES;
				CLANG_WARN_CONSTANT_CONVERSION = YES;
				CLANG_WARN_DEPRECATED_OBJC_IMPLEMENTATIONS = YES;
				CLANG_WARN_DIRECT_OBJC_ISA_USAGE = YES_ERROR;
				CLANG_WARN_DOCUMENTATION_COMMENTS = YES;
				CLANG_WARN_EMPTY_BODY = YES;
				CLANG_WARN_ENUM_CONVERSION = YES;
				CLANG_WARN_INFINITE_RECURSION = YES;
				CLANG_WARN_INT_CONVERSION = YES;
				CLANG_WARN_NON_LITERAL_NULL_CONVERSION = YES;
				CLANG_WARN_OBJC_IMPLICIT_RETAIN_SELF = YES;
				CLANG_WARN_OBJC_LITERAL_CONVERSION = YES;
				CLANG_WARN_OBJC_ROOT_CLASS = YES_ERROR;
				CLANG_WARN_QUOTED_INCLUDE_IN_FRAMEWORK_HEADER = YES;
				CLANG_WARN_RANGE_LOOP_ANALYSIS = YES;
				CLANG_WARN_STRICT_PROTOTYPES = YES;
				CLANG_WARN_SUSPICIOUS_MOVE = YES;
				CLANG_WARN_UNGUARDED_AVAILABILITY = YES_AGGRESSIVE;
				CLANG_WARN_UNREACHABLE_CODE = YES;
				CLANG_WARN__DUPLICATE_METHOD_MATCH = YES;
				COPY_PHASE_STRIP = NO;
				CURRENT_PROJECT_VERSION = 1;
				DEBUG_INFORMATION_FORMAT = "dwarf-with-dsym";
				ENABLE_NS_ASSERTIONS = NO;
				ENABLE_STRICT_OBJC_MSGSEND = YES;
				GCC_C_LANGUAGE_STANDARD = gnu11;
				GCC_NO_COMMON_BLOCKS = YES;
				GCC_WARN_64_TO_32_BIT_CONVERSION = YES;
				GCC_WARN_ABOUT_RETURN_TYPE = YES_ERROR;
				GCC_WARN_UNDECLARED_SELECTOR = YES;
				GCC_WARN_UNINITIALIZED_AUTOS = YES_AGGRESSIVE;
				GCC_WARN_UNUSED_FUNCTION = YES;
				GCC_WARN_UNUSED_VARIABLE = YES;
				MARKETING_VERSION = 0.1.0;
				MTL_ENABLE_DEBUG_INFO = NO;
				MTL_FAST_MATH = YES;
				PRODUCT_NAME = "$(TARGET_NAME)";
				SDKROOT = xros;
				SWIFT_COMPILATION_MODE = wholemodule;
				SWIFT_OPTIMIZATION_LEVEL = "-O";
				SWIFT_VERSION = 6.0;
				XROS_DEPLOYMENT_TARGET = 2.0;
			};
			name = Release;
		};
		BA84977BCF8DBE1127E46F0F /* Debug */ = {
			isa = XCBuildConfiguration;
			buildSettings = {
				ASSETCATALOG_COMPILER_APPICON_NAME = AppIcon;
				"CODE_SIGNING_ALLOWED[sdk=xrsimulator*]" = NO;
				"CODE_SIGNING_REQUIRED[sdk=xrsimulator*]" = NO;
				CODE_SIGN_STYLE = Automatic;
				DEVELOPMENT_TEAM = "";
				GENERATE_INFOPLIST_FILE = YES;
				INFOPLIST_FILE = Info.plist;
				INFOPLIST_KEY_CFBundleDisplayName = Superset;
				LD_RUNPATH_SEARCH_PATHS = (
					"$(inherited)",
					"@executable_path/Frameworks",
				);
				PRODUCT_BUNDLE_IDENTIFIER = sh.superset.visionos;
				SDKROOT = xros;
				TARGETED_DEVICE_FAMILY = 7;
			};
			name = Debug;
		};
		BFD5C7482831CFDA8F9DA660 /* Debug */ = {
			isa = XCBuildConfiguration;
			buildSettings = {
				ALWAYS_SEARCH_USER_PATHS = NO;
				CLANG_ANALYZER_NONNULL = YES;
				CLANG_ANALYZER_NUMBER_OBJECT_CONVERSION = YES_AGGRESSIVE;
				CLANG_CXX_LANGUAGE_STANDARD = "gnu++14";
				CLANG_CXX_LIBRARY = "libc++";
				CLANG_ENABLE_MODULES = YES;
				CLANG_ENABLE_OBJC_ARC = YES;
				CLANG_ENABLE_OBJC_WEAK = YES;
				CLANG_WARN_BLOCK_CAPTURE_AUTORELEASING = YES;
				CLANG_WARN_BOOL_CONVERSION = YES;
				CLANG_WARN_COMMA = YES;
				CLANG_WARN_CONSTANT_CONVERSION = YES;
				CLANG_WARN_DEPRECATED_OBJC_IMPLEMENTATIONS = YES;
				CLANG_WARN_DIRECT_OBJC_ISA_USAGE = YES_ERROR;
				CLANG_WARN_DOCUMENTATION_COMMENTS = YES;
				CLANG_WARN_EMPTY_BODY = YES;
				CLANG_WARN_ENUM_CONVERSION = YES;
				CLANG_WARN_INFINITE_RECURSION = YES;
				CLANG_WARN_INT_CONVERSION = YES;
				CLANG_WARN_NON_LITERAL_NULL_CONVERSION = YES;
				CLANG_WARN_OBJC_IMPLICIT_RETAIN_SELF = YES;
				CLANG_WARN_OBJC_LITERAL_CONVERSION = YES;
				CLANG_WARN_OBJC_ROOT_CLASS = YES_ERROR;
				CLANG_WARN_QUOTED_INCLUDE_IN_FRAMEWORK_HEADER = YES;
				CLANG_WARN_RANGE_LOOP_ANALYSIS = YES;
				CLANG_WARN_STRICT_PROTOTYPES = YES;
				CLANG_WARN_SUSPICIOUS_MOVE = YES;
				CLANG_WARN_UNGUARDED_AVAILABILITY = YES_AGGRESSIVE;
				CLANG_WARN_UNREACHABLE_CODE = YES;
				CLANG_WARN__DUPLICATE_METHOD_MATCH = YES;
				COPY_PHASE_STRIP = NO;
				CURRENT_PROJECT_VERSION = 1;
				DEBUG_INFORMATION_FORMAT = dwarf;
				ENABLE_STRICT_OBJC_MSGSEND = YES;
				ENABLE_TESTABILITY = YES;
				GCC_C_LANGUAGE_STANDARD = gnu11;
				GCC_DYNAMIC_NO_PIC = NO;
				GCC_NO_COMMON_BLOCKS = YES;
				GCC_OPTIMIZATION_LEVEL = 0;
				GCC_PREPROCESSOR_DEFINITIONS = (
					"$(inherited)",
					"DEBUG=1",
				);
				GCC_WARN_64_TO_32_BIT_CONVERSION = YES;
				GCC_WARN_ABOUT_RETURN_TYPE = YES_ERROR;
				GCC_WARN_UNDECLARED_SELECTOR = YES;
				GCC_WARN_UNINITIALIZED_AUTOS = YES_AGGRESSIVE;
				GCC_WARN_UNUSED_FUNCTION = YES;
				GCC_WARN_UNUSED_VARIABLE = YES;
				MARKETING_VERSION = 0.1.0;
				MTL_ENABLE_DEBUG_INFO = INCLUDE_SOURCE;
				MTL_FAST_MATH = YES;
				ONLY_ACTIVE_ARCH = YES;
				PRODUCT_NAME = "$(TARGET_NAME)";
				SDKROOT = xros;
				SWIFT_ACTIVE_COMPILATION_CONDITIONS = DEBUG;
				SWIFT_OPTIMIZATION_LEVEL = "-Onone";
				SWIFT_VERSION = 6.0;
				XROS_DEPLOYMENT_TARGET = 2.0;
			};
			name = Debug;
		};
/* End XCBuildConfiguration section */

/* Begin XCConfigurationList section */
		0DA962D7BA2C7066C9593AFC /* Build configuration list for PBXProject "Superset" */ = {
			isa = XCConfigurationList;
			buildConfigurations = (
				BFD5C7482831CFDA8F9DA660 /* Debug */,
				A388F55D4DD498FC27C5E946 /* Release */,
			);
			defaultConfigurationIsVisible = 0;
			defaultConfigurationName = Debug;
		};
		B6DD5F4FA6456656EE888E80 /* Build configuration list for PBXNativeTarget "Superset" */ = {
			isa = XCConfigurationList;
			buildConfigurations = (
				BA84977BCF8DBE1127E46F0F /* Debug */,
				60B70455F66F11958CA3A654 /* Release */,
			);
			defaultConfigurationIsVisible = 0;
			defaultConfigurationName = Debug;
		};
/* End XCConfigurationList section */
	};
	rootObject = E10E0D0C6F0C1782993BD658 /* Project object */;
}
